<?xml version="1.0" encoding="utf-8"?>
<Project ToolsVersion="4.0" xmlns="http://schemas.microsoft.com/developer/msbuild/2003">
  <ItemGroup>
    <Filter Include="Fichiers sources">
      <UniqueIdentifier>{4FC737F1-C7A5-4376-A066-2A32D752A2FF}</UniqueIdentifier>
      <Extensions>cpp;c;cc;cxx;def;odl;idl;hpj;bat;asm;asmx</Extensions>
    </Filter>
    <Filter Include="Fichiers d%27en-tête">
      <UniqueIdentifier>{93995380-89BD-4b04-88EB-625FBE52EBFB}</UniqueIdentifier>
      <Extensions>h;hh;hpp;hxx;hm;inl;inc;ipp;xsd</Extensions>
    </Filter>
    <Filter Include="Fichiers de ressources">
      <UniqueIdentifier>{67DA6AB6-F800-4c08-8B7A-83BB121AAD01}</UniqueIdentifier>
      <Extensions>rc;ico;cur;bmp;dlg;rc2;rct;bin;rgs;gif;jpg;jpeg;jpe;resx;tiff;tif;png;wav;mfcribbon-ms</Extensions>
    </Filter>
    <Filter Include="images">
      <UniqueIdentifier>{94861f24-33e0-47cb-a355-61fe67889e6c}</UniqueIdentifier>
    </Filter>
  </ItemGroup>
  <ItemGroup>
    <Image Include="images\PacmanLeft.PNG">
      <Filter>images</Filter>
    </Image>
    <Image Include="images\PacmanRight.PNG">
      <Filter>images</Filter>
    </Image>
    <Image Include="images\PacmanUp.PNG">
      <Filter>images</Filter>
    </Image>
    <Image Include="images\PacmanDown.PNG">
      <Filter>images</Filter>
    </Image>
    <Image Include="Resources\Map.PNG">
      <Filter>Fichiers de ressources</Filter>
    </Image>
    <Image Include="Resources\PacmanDown.PNG">
      <Filter>Fichiers de ressources</Filter>
    </Image>
    <Image Include="Resources\PacmanLeft.PNG">
      <Filter>Fichiers de ressources</Filter>
    </Image>
    <Image Include="Resources\PacmanRight.PNG">
      <Filter>Fichiers de ressources</Filter>
    </Image>
    <Image Include="Resources\PacmanUp.PNG">
      <Filter>Fichiers de ressources</Filter>
    </Image>
    <Image Include="Resources\collectible_tile.png">
      <Filter>Fichiers de ressources</Filter>
    </Image>
    <Image Include="Resources\img\PacmanDown.PNG">
      <Filter>Fichiers de ressources</Filter>
    </Image>
    <Image Include="Resources\img\PacmanLeft.PNG">
      <Filter>Fichiers de ressources</Filter>
    </Image>
    <Image Include="Resources\img\PacmanRight.PNG">
      <Filter>Fichiers de ressources</Filter>
    </Image>
    <Image Include="Resources\img\PacmanUp.PNG">
      <Filter>Fichiers de ressources</Filter>
    </Image>
    <Image Include="Resources\obstacle_tile.png">
      <Filter>Fichiers de ressources</Filter>
    </Image>
  </ItemGroup>
  <ItemGroup>
    <ClInclude Include="FileStream\OutFileStream\OutFileStream.h">
      <Filter>Fichiers d%27en-tête</Filter>
    </ClInclude>
    <ClInclude Include="Domain\Map\Map.h">
      <Filter>Fichiers d%27en-tête</Filter>
    </ClInclude>
    <ClInclude Include="Domain\Pacman\Pacman.h">
      <Filter>Fichiers d%27en-tête</Filter>
    </ClInclude>
    <ClInclude Include="Domain\Score\Score.h">
      <Filter>Fichiers d%27en-tête</Filter>
    </ClInclude>
    <ClInclude Include="Domain\Tile\Tile.h">
      <Filter>Fichiers d%27en-tête</Filter>
    </ClInclude>
    <ClInclude Include="Controller\WindowController\WindowController.h">
      <Filter>Fichiers d%27en-tête</Filter>
    </ClInclude>
    <ClInclude Include="Domain\Time\Time.h">
      <Filter>Fichiers d%27en-tête</Filter>
    </ClInclude>
    <ClInclude Include="FileStream\InFileStream\InFileStream.h">
      <Filter>Fichiers d%27en-tête</Filter>
    </ClInclude>
  </ItemGroup>
  <ItemGroup>
    <ClCompile Include="Domain\Map\Map.cpp">
      <Filter>Fichiers sources</Filter>
    </ClCompile>
    <ClCompile Include="Domain\Pacman\Pacman.cpp">
      <Filter>Fichiers sources</Filter>
    </ClCompile>
    <ClCompile Include="Domain\Score\Score.cpp">
      <Filter>Fichiers sources</Filter>
    </ClCompile>
    <ClCompile Include="Domain\Tile\Tile.cpp">
      <Filter>Fichiers sources</Filter>
    </ClCompile>
    <ClCompile Include="FileStream\OutFileStream\OutFileStream.cpp">
      <Filter>Fichiers sources</Filter>
    </ClCompile>
    <ClCompile Include="Controller\WindowController\WindowController.cpp">
      <Filter>Fichiers sources</Filter>
    </ClCompile>
    <ClCompile Include="Main.cpp">
      <Filter>Fichiers sources</Filter>
    </ClCompile>
    <ClCompile Include="Domain\Time\Time.cpp">
      <Filter>Fichiers sources</Filter>
    </ClCompile>
    <ClCompile Include="FileStream\InFileStream\InFileStream.cpp">
      <Filter>Fichiers sources</Filter>
    </ClCompile>
  </ItemGroup>
  <ItemGroup>
    <None Include="zlib1.dll" />
    <None Include="SDL2_image.dll" />
    <None Include="SDL2.dll" />
    <None Include="libpng16-16.dll" />
    <None Include="Resources\mapOpen.map" />
  </ItemGroup>
</Project>